{
  "version": 4,
  "terraform_version": "1.16.3",
  "serial": 39,
  "lineage": "53bd1c60-ed44-0505-cdd1-3cc655553f9d",
  "outputs": {
    "mailcow_instance_id": {
      "value": "i-0d43e1a060ac51863",
      "type": "string"
    },
    "mailcow_public_ip": {
      "value": "184.195.111.36",
      "type": "string"
    },
    "ssh_command": {
      "value": "ssh ubuntu@184.195.111.36",
      "type": "string"
    }
  },
  "resources": [
    {
      "mode": "managed",
      "type": "aws_eip",
      "name": "mailcow_eip",
      "provider": "provider[\"registry.terraform.io/hashicorp/aws\"]",
      "instances": [
        {
          "schema_version": 0,
          "attributes": {
            "address": null,
            "allocation_id": "eipalloc-0321fb511383b5816",
            "arn": "arn:aws:ec2:us-east-1:092234508238:elastic-ip/eipalloc-0321fb511383b5816",
            "associate_with_private_ip": null,
            "association_id": "eipassoc-0cb899fb5b268f750",
            "carrier_ip": "",
            "customer_owned_ip": "",
            "customer_owned_ipv4_pool": "",
            "domain": "vpc",
            "id": "eipalloc-0321fb511383b5816",
            "instance": "i-0d43e1a060ac51863",
            "ipam_pool_id": null,
            "network_border_group": "us-east-1",
            "network_interface": "eni-049d226d3eb7077bc",
            "private_dns": "ip-172-31-85-26.ec2.internal",
            "private_ip": "172.31.85.26",
            "ptr_record": "",
            "public_dns": "ec2-184-195-111-36.compute-1.amazonaws.com",
            "public_ip": "184.195.111.36",
            "public_ipv4_pool": "amazon",
            "tags": {
              "Name": "mailcow-eip"
            },
            "tags_all": {
              "Name": "mailcow-eip"
            },
            "timeouts": null,
            "vpc": true
          },
          "sensitive_attributes": [],
          "identity_schema_version": 0,
          "private": "eyJlMmJmYjczMC1lY2FhLTExZTYtOGY4OC0zNDM2M2JjN2M0YzAiOnsiZGVsZXRlIjoxODAwMDAwMDAwMDAsInJlYWQiOjkwMDAwMDAwMDAwMCwidXBkYXRlIjozMDAwMDAwMDAwMDB9fQ==",
          "dependencies": [
            "aws_instance.mailcow_server",
            "aws_security_group.mailcow_sg"
          ]
        }
      ]
    },
    {
      "mode": "managed",
      "type": "aws_instance",
      "name": "mailcow_server",
      "provider": "provider[\"registry.terraform.io/hashicorp/aws\"]",
      "instances": [
        {
          "schema_version": 1,
          "attributes": {
            "ami": "ami-0e86e20dae9224db8",
            "arn": "arn:aws:ec2:us-east-1:092234508238:instance/i-0d43e1a060ac51863",
            "associate_public_ip_address": true,
            "availability_zone": "us-east-1b",
            "capacity_reservation_specification": [
              {
                "capacity_reservation_preference": "open",
                "capacity_reservation_target": []
              }
            ],
            "cpu_core_count": 1,
            "cpu_options": [
              {
                "amd_sev_snp": "",
                "core_count": 1,
                "threads_per_core": 2
              }
            ],
            "cpu_threads_per_core": 2,
            "credit_specification": [],
            "disable_api_stop": false,
            "disable_api_termination": false,
            "ebs_block_device": [],
            "ebs_optimized": false,
            "enable_primary_ipv6": null,
            "enclave_options": [
              {
                "enabled": false
              }
            ],
            "ephemeral_block_device": [],
            "get_password_data": false,
            "hibernation": false,
            "host_id": "",
            "host_resource_group_arn": null,
            "iam_instance_profile": "",
            "id": "i-0d43e1a060ac51863",
            "instance_initiated_shutdown_behavior": "stop",
            "instance_lifecycle": "",
            "instance_market_options": [],
            "instance_state": "running",
            "instance_type": "m7i-flex.large",
            "ipv6_address_count": 0,
            "ipv6_addresses": [],
            "key_name": "mailcow-key",
            "launch_template": [],
            "maintenance_options": [
              {
                "auto_recovery": "default"
              }
            ],
            "metadata_options": [
              {
                "http_endpoint": "enabled",
                "http_protocol_ipv6": "disabled",
                "http_put_response_hop_limit": 2,
                "http_tokens": "required",
                "instance_metadata_tags": "disabled"
              }
            ],
            "monitoring": false,
            "network_interface": [],
            "outpost_arn": "",
            "password_data": "",
            "placement_group": "",
            "placement_partition_number": 0,
            "primary_network_interface_id": "eni-049d226d3eb7077bc",
            "private_dns": "ip-172-31-85-26.ec2.internal",
            "private_dns_name_options": [
              {
                "enable_resource_name_dns_a_record": false,
                "enable_resource_name_dns_aaaa_record": false,
                "hostname_type": "ip-name"
              }
            ],
            "private_ip": "172.31.85.26",
            "public_dns": "ec2-3-86-200-123.compute-1.amazonaws.com",
            "public_ip": "3.86.200.123",
            "root_block_device": [
              {
                "delete_on_termination": true,
                "device_name": "/dev/sda1",
                "encrypted": false,
                "iops": 3000,
                "kms_key_id": "",
                "tags": null,
                "tags_all": {},
                "throughput": 125,
                "volume_id": "vol-0589ae3e2fcc30770",
                "volume_size": 40,
                "volume_type": "gp3"
              }
            ],
            "secondary_private_ips": [],
            "security_groups": [
              "mailcow-sg"
            ],
            "source_dest_check": true,
            "spot_instance_request_id": "",
            "subnet_id": "subnet-07bba907a522a3e00",
            "tags": {
              "Name": "mailcow-server-ec2"
            },
            "tags_all": {
              "Name": "mailcow-server-ec2"
            },
            "tenancy": "default",
            "timeouts": null,
            "user_data": "b91ffdd72918970cfa4e2a11f60527ecf4993590",
            "user_data_base64": null,
            "user_data_replace_on_change": false,
            "volume_tags": null,
            "vpc_security_group_ids": [
              "sg-011586d62171d0293"
            ]
          },
          "sensitive_attributes": [],
          "identity_schema_version": 0,
          "private": "eyJlMmJmYjczMC1lY2FhLTExZTYtOGY4OC0zNDM2M2JjN2M0YzAiOnsiY3JlYXRlIjo2MDAwMDAwMDAwMDAsImRlbGV0ZSI6MTIwMDAwMDAwMDAwMCwicmVhZCI6OTAwMDAwMDAwMDAwLCJ1cGRhdGUiOjYwMDAwMDAwMDAwMH0sInNjaGVtYV92ZXJzaW9uIjoiMSJ9",
          "dependencies": [
            "aws_security_group.mailcow_sg"
          ]
        }
      ]
    },
    {
      "mode": "managed",
      "type": "aws_key_pair",
      "name": "mail_key",
      "provider": "provider[\"registry.terraform.io/hashicorp/aws\"]",
      "instances": [
        {
          "schema_version": 1,
          "attributes": {
            "arn": "arn:aws:ec2:us-east-1:092234508238:key-pair/mailcow-key",
            "fingerprint": "a3:04:5d:f3:97:37:15:d9:b3:b7:1a:0f:e4:7f:1a:08",
            "id": "mailcow-key",
            "key_name": "mailcow-key",
            "key_name_prefix": "",
            "key_pair_id": "key-0c4c098857b6e2a45",
            "key_type": "rsa",
            "public_key": "ssh-rsa AAAAB3NzaC1yc2EAAAADAQABAAABgQCv0adoGTEh1HZbOCGakpjbxFLE2OOcJRGWFHYuE8zM3195hzDRRN7bO5cArY9vqa+IGyvZhk547V2Ph+l4f+N/Uh+uoT+D+D/ITq9JubYmyaXO1DDYMcpQDh1l3yp769cHQxApUVyk1jE6O/ljE+J19cEOp/2EuPUn2d4coKwYDFYp49qfAIDLzYz8/GTciQFEIFdcpfWn3wOw+2CECPeFBAHyH+WfHfGRatdhI99DsNVwrRqEXFvUw9uQDGOxldrE5lz5Qxw5ChCyZ2kyYYBodHhA8IZN/B/XFcpT3Hnzy7vASXl6fF5+IJaIQ/1Ua1EbkMvgxLdV8MCEaQCn+UuPf3uMBO3qYAVKkoGxpHrXKauqlh9VoEP3lkkyMeFob0m/WFujmM0NFu9eTGUGgyApAwYERTWignOxPxDu7etcomy1oDAIp4zzxubJdhTSMI0Giu9pT694oHAg1hLzzR28FVRM5eGRKvCzJgqb2D87kqvO/61jVtzFnUY0Kokbh0E= root@ec525162efd9",
            "tags": null,
            "tags_all": {}
          },
          "sensitive_attributes": [],
          "identity_schema_version": 0,
          "private": "eyJzY2hlbWFfdmVyc2lvbiI6IjEifQ=="
        }
      ]
    },
    {
      "mode": "managed",
      "type": "aws_security_group",
      "name": "mailcow_sg",
      "provider": "provider[\"registry.terraform.io/hashicorp/aws\"]",
      "instances": [
        {
          "schema_version": 1,
          "attributes": {
            "arn": "arn:aws:ec2:us-east-1:092234508238:security-group/sg-011586d62171d0293",
            "description": "Security group for Mailcow server",
            "egress": [
              {
                "cidr_blocks": [
                  "0.0.0.0/0"
                ],
                "description": "",
                "from_port": 0,
                "ipv6_cidr_blocks": [],
                "prefix_list_ids": [],
                "protocol": "-1",
                "security_groups": [],
                "self": false,
                "to_port": 0
              }
            ],
            "id": "sg-011586d62171d0293",
            "ingress": [
              {
                "cidr_blocks": [
                  "0.0.0.0/0"
                ],
                "description": "HTTP access",
                "from_port": 80,
                "ipv6_cidr_blocks": [],
                "prefix_list_ids": [],
                "protocol": "tcp",
                "security_groups": [],
                "self": false,
                "to_port": 80
              },
              {
                "cidr_blocks": [
                  "0.0.0.0/0"
                ],
                "description": "HTTPS access",
                "from_port": 443,
                "ipv6_cidr_blocks": [],
                "prefix_list_ids": [],
                "protocol": "tcp",
                "security_groups": [],
                "self": false,
                "to_port": 443
              },
              {
                "cidr_blocks": [
                  "0.0.0.0/0"
                ],
                "description": "IMAP",
                "from_port": 143,
                "ipv6_cidr_blocks": [],
                "prefix_list_ids": [],
                "protocol": "tcp",
                "security_groups": [],
                "self": false,
                "to_port": 143
              },
              {
                "cidr_blocks": [
                  "0.0.0.0/0"
                ],
                "description": "IMAPS",
                "from_port": 993,
                "ipv6_cidr_blocks": [],
                "prefix_list_ids": [],
                "protocol": "tcp",
                "security_groups": [],
                "self": false,
                "to_port": 993
              },
              {
                "cidr_blocks": [
                  "0.0.0.0/0"
                ],
                "description": "POP3",
                "from_port": 110,
                "ipv6_cidr_blocks": [],
                "prefix_list_ids": [],
                "protocol": "tcp",
                "security_groups": [],
                "self": false,
                "to_port": 110
              },
              {
                "cidr_blocks": [
                  "0.0.0.0/0"
                ],
                "description": "POP3S",
                "from_port": 995,
                "ipv6_cidr_blocks": [],
                "prefix_list_ids": [],
                "protocol": "tcp",
                "security_groups": [],
                "self": false,
                "to_port": 995
              },
              {
                "cidr_blocks": [
                  "0.0.0.0/0"
                ],
                "description": "SMTP access",
                "from_port": 25,
                "ipv6_cidr_blocks": [],
                "prefix_list_ids": [],
                "protocol": "tcp",
                "security_groups": [],
                "self": false,
                "to_port": 25
              },
              {
                "cidr_blocks": [
                  "0.0.0.0/0"
                ],
                "description": "Sieve",
                "from_port": 4190,
                "ipv6_cidr_blocks": [],
                "prefix_list_ids": [],
                "protocol": "tcp",
                "security_groups": [],
                "self": false,
                "to_port": 4190
              },
              {
                "cidr_blocks": [
                  "177.69.81.5/32"
                ],
                "description": "",
                "from_port": 22,
                "ipv6_cidr_blocks": [],
                "prefix_list_ids": [],
                "protocol": "tcp",
                "security_groups": [],
                "self": false,
                "to_port": 22
              }
            ],
            "name": "mailcow-sg",
            "name_prefix": "",
            "owner_id": "092234508238",
            "revoke_rules_on_delete": false,
            "tags": {
              "Name": "mailcow-sg"
            },
            "tags_all": {
              "Name": "mailcow-sg"
            },
            "timeouts": null,
            "vpc_id": "vpc-08fab6c1003d4895d"
          },
          "sensitive_attributes": [],
          "identity_schema_version": 0,
          "private": "eyJlMmJmYjczMC1lY2FhLTExZTYtOGY4OC0zNDM2M2JjN2M0YzAiOnsiY3JlYXRlIjo2MDAwMDAwMDAwMDAsImRlbGV0ZSI6OTAwMDAwMDAwMDAwfSwic2NoZW1hX3ZlcnNpb24iOiIxIn0="
        }
      ]
    }
  ],
  "check_results": null
}
